
Microsoft Visual Studio Solution File, Format Version 12.00
# Visual Studio Version 16
VisualStudioVersion = 16.0.32630.194
MinimumVisualStudioVersion = 10.0.40219.1
Project("{FAE04EC0-301F-11D3-BF4B-00C04F79EFBC}") = "TPWeb", "TPWeb\TPWeb.csproj", "{47584046-DA5F-42ED-B51B-82367072C10E}"
EndProject
Project("{FAE04EC0-301F-11D3-BF4B-00C04F79EFBC}") = "Modelo", "Modelo\Modelo.csproj", "{0EE2D7C3-13FE-4DC7-8F75-E7AF3D6AA307}"
EndProject
Project("{FAE04EC0-301F-11D3-BF4B-00C04F79EFBC}") = "Negocio", "Negocio\Negocio.csproj", "{E1056CD7-9C9B-4B83-84AE-4D6C37E550EC}"
EndProject
Global
	GlobalSection(SolutionConfigurationPlatforms) = preSolution
		Debug|Any CPU = Debug|Any CPU
		Release|Any CPU = Release|Any CPU
	EndGlobalSection
	GlobalSection(ProjectConfigurationPlatforms) = postSolution
		{47584046-DA5F-42ED-B51B-82367072C10E}.Debug|Any CPU.ActiveCfg = Debug|Any CPU
		{47584046-DA5F-42ED-B51B-82367072C10E}.Debug|Any CPU.Build.0 = Debug|Any CPU
		{47584046-DA5F-42ED-B51B-82367072C10E}.Release|Any CPU.ActiveCfg = Release|Any CPU
		{47584046-DA5F-42ED-B51B-82367072C10E}.Release|Any CPU.Build.0 = Release|Any CPU
		{0EE2D7C3-13FE-4DC7-8F75-E7AF3D6AA307}.Debug|Any CPU.ActiveCfg = Debug|Any CPU
		{0EE2D7C3-13FE-4DC7-8F75-E7AF3D6AA307}.Debug|Any CPU.Build.0 = Debug|Any CPU
		{0EE2D7C3-13FE-4DC7-8F75-E7AF3D6AA307}.Release|Any CPU.ActiveCfg = Release|Any CPU
		{0EE2D7C3-13FE-4DC7-8F75-E7AF3D6AA307}.Release|Any CPU.Build.0 = Release|Any CPU
		{E1056CD7-9C9B-4B83-84AE-4D6C37E550EC}.Debug|Any CPU.ActiveCfg = Debug|Any CPU
		{E1056CD7-9C9B-4B83-84AE-4D6C37E550EC}.Debug|Any CPU.Build.0 = Debug|Any CPU
		{E1056CD7-9C9B-4B83-84AE-4D6C37E550EC}.Release|Any CPU.ActiveCfg = Release|Any CPU
		{E1056CD7-9C9B-4B83-84AE-4D6C37E550EC}.Release|Any CPU.Build.0 = Release|Any CPU
	EndGlobalSection
	GlobalSection(SolutionProperties) = preSolution
		HideSolutionNode = FALSE
	EndGlobalSection
	GlobalSection(ExtensibilityGlobals) = postSolution
		SolutionGuid = {E5564F5F-ABBD-4D8C-9F81-9B6D910BE634}
	EndGlobalSection
EndGlobal
